// !$*UTF8*$!
{
	archiveVersion = 1;
	classes = {
	};
	objectVersion = 46;
	objects = {

/* Begin PBXBuildFile section */
		6DF49E341D4DEF6D00E8612A /* main.m in Sources */ = {isa = PBXBuildFile; fileRef = 6DF49E331D4DEF6D00E8612A /* main.m */; };
		6DF49E371D4DEF6D00E8612A /* AppDelegate.m in Sources */ = {isa = PBXBuildFile; fileRef = 6DF49E361D4DEF6D00E8612A /* AppDelegate.m */; };
		6DF49E391D4DEF6D00E8612A /* Assets.xcassets in Resources */ = {isa = PBXBuildFile; fileRef = 6DF49E381D4DEF6D00E8612A /* Assets.xcassets */; };
		6DF49E3C1D4DEF6D00E8612A /* LaunchScreen.storyboard in Resources */ = {isa = PBXBuildFile; fileRef = 6DF49E3A1D4DEF6D00E8612A /* LaunchScreen.storyboard */; };
		6DF49E4A1D4DF2A000E8612A /* CTStarRatingView.m in Sources */ = {isa = PBXBuildFile; fileRef = 6DF49E491D4DF2A000E8612A /* CTStarRatingView.m */; settings = {ASSET_TAGS = (); }; };
/* End PBXBuildFile section */

/* Begin PBXFileReference section */
		6DF49E2F1D4DEF6D00E8612A /* StarRatingView.app */ = {isa = PBXFileReference; explicitFileType = wrapper.application; includeInIndex = 0; path = StarRatingView.app; sourceTree = BUILT_PRODUCTS_DIR; };
		6DF49E331D4DEF6D00E8612A /* main.m */ = {isa = PBXFileReference; lastKnownFileType = sourcecode.c.objc; path = main.m; sourceTree = "<group>"; };
		6DF49E351D4DEF6D00E8612A /* AppDelegate.h */ = {isa = PBXFileReference; lastKnownFileType = sourcecode.c.h; path = AppDelegate.h; sourceTree = "<group>"; };
		6DF49E361D4DEF6D00E8612A /* AppDelegate.m */ = {isa = PBXFileReference; lastKnownFileType = sourcecode.c.objc; path = AppDelegate.m; sourceTree = "<group>"; };
		6DF49E381D4DEF6D00E8612A /* Assets.xcassets */ = {isa = PBXFileReference; lastKnownFileType = folder.assetcatalog; path = Assets.xcassets; sourceTree = "<group>"; };
		6DF49E3B1D4DEF6D00E8612A /* Base */ = {isa = PBXFileReference; lastKnownFileType = file.storyboard; name = Base; path = Base.lproj/LaunchScreen.storyboard; sourceTree = "<group>"; };
		6DF49E3D1D4DEF6D00E8612A /* Info.plist */ = {isa = PBXFileReference; lastKnownFileType = text.plist.xml; path = Info.plist; sourceTree = "<group>"; };
		6DF49E481D4DF2A000E8612A /* CTStarRatingView.h */ = {isa = PBXFileReference; fileEncoding = 4; lastKnownFileType = sourcecode.c.h; path = CTStarRatingView.h; sourceTree = "<group>"; };
		6DF49E491D4DF2A000E8612A /* CTStarRatingView.m */ = {isa = PBXFileReference; fileEncoding = 4; lastKnownFileType = sourcecode.c.objc; path = CTStarRatingView.m; sourceTree = "<group>"; };
/* End PBXFileReference section */

/* Begin PBXFrameworksBuildPhase section */
		6DF49E2C1D4DEF6D00E8612A /* Frameworks */ = {
			isa = PBXFrameworksBuildPhase;
			buildActionMask = 2147483647;
			files = (
			);
			runOnlyForDeploymentPostprocessing = 0;
		};
/* End PBXFrameworksBuildPhase section */

/* Begin PBXGroup section */
		6DF49E261D4DEF6D00E8612A = {
			isa = PBXGroup;
			children = (
				6DF49E311D4DEF6D00E8612A /* StarRatingView */,
				6DF49E301D4DEF6D00E8612A /* Products */,
			);
			sourceTree = "<group>";
		};
		6DF49E301D4DEF6D00E8612A /* Products */ = {
			isa = PBXGroup;
			children = (
				6DF49E2F1D4DEF6D00E8612A /* StarRatingView.app */,
			);
			name = Products;
			sourceTree = "<group>";
		};
		6DF49E311D4DEF6D00E8612A /* StarRatingView */ = {
			isa = PBXGroup;
			children = (
				6DF49E351D4DEF6D00E8612A /* AppDelegate.h */,
				6DF49E361D4DEF6D00E8612A /* AppDelegate.m */,
				6DF49E481D4DF2A000E8612A /* CTStarRatingView.h */,
				6DF49E491D4DF2A000E8612A /* CTStarRatingView.m */,
				6DF49E381D4DEF6D00E8612A /* Assets.xcassets */,
				6DF49E3A1D4DEF6D00E8612A /* LaunchScreen.storyboard */,
				6DF49E3D1D4DEF6D00E8612A /* Info.plist */,
				6DF49E321D4DEF6D00E8612A /* Supporting Files */,
			);
			path = StarRatingView;
			sourceTree = "<group>";
		};
		6DF49E321D4DEF6D00E8612A /* Supporting Files */ = {
			isa = PBXGroup;
			children = (
				6DF49E331D4DEF6D00E8612A /* main.m */,
			);
			name = "Supporting Files";
			sourceTree = "<group>";
		};
/* End PBXGroup section */

/* Begin PBXNativeTarget section */
		6DF49E2E1D4DEF6D00E8612A /* StarRatingView */ = {
			isa = PBXNativeTarget;
			buildConfigurationList = 6DF49E401D4DEF6D00E8612A /* Build configuration list for PBXNativeTarget "StarRatingView" */;
			buildPhases = (
				6DF49E2B1D4DEF6D00E8612A /* Sources */,
				6DF49E2C1D4DEF6D00E8612A /* Frameworks */,
				6DF49E2D1D4DEF6D00E8612A /* Resources */,
			);
			buildRules = (
			);
			dependencies = (
			);
			name = StarRatingView;
			productName = StarRatingView;
			productReference = 6DF49E2F1D4DEF6D00E8612A /* StarRatingView.app */;
			productType = "com.apple.product-type.application";
		};
/* End PBXNativeTarget section */

/* Begin PBXProject section */
		6DF49E271D4DEF6D00E8612A /* Project object */ = {
			isa = PBXProject;
			attributes = {
				LastUpgradeCheck = 0700;
				ORGANIZATIONNAME = Mac;
				TargetAttributes = {
					6DF49E2E1D4DEF6D00E8612A = {
						CreatedOnToolsVersion = 7.0.1;
					};
				};
			};
			buildConfigurationList = 6DF49E2A1D4DEF6D00E8612A /* Build configuration list for PBXProject "StarRatingView" */;
			compatibilityVersion = "Xcode 3.2";
			developmentRegion = English;
			hasScannedForEncodings = 0;
			knownRegions = (
				en,
				Base,
			);
			mainGroup = 6DF49E261D4DEF6D00E8612A;
			productRefGroup = 6DF49E301D4DEF6D00E8612A /* Products */;
			projectDirPath = "";
			projectRoot = "";
			targets = (
				6DF49E2E1D4DEF6D00E8612A /* StarRatingView */,
			);
		};
/* End PBXProject section */

/* Begin PBXResourcesBuildPhase section */
		6DF49E2D1D4DEF6D00E8612A /* Resources */ = {
			isa = PBXResourcesBuildPhase;
			buildActionMask = 2147483647;
			files = (
				6DF49E391D4DEF6D00E8612A /* Assets.xcassets in Resources */,
				6DF49E3C1D4DEF6D00E8612A /* LaunchScreen.storyboard in Resources */,
			);
			runOnlyForDeploymentPostprocessing = 0;
		};
/* End PBXResourcesBuildPhase section */

/* Begin PBXSourcesBuildPhase section */
		6DF49E2B1D4DEF6D00E8612A /* Sources */ = {
			isa = PBXSourcesBuildPhase;
			buildActionMask = 2147483647;
			files = (
				6DF49E4A1D4DF2A000E8612A /* CTStarRatingView.m in Sources */,
				6DF49E371D4DEF6D00E8612A /* AppDelegate.m in Sources */,
				6DF49E341D4DEF6D00E8612A /* main.m in Sources */,
			);
			runOnlyForDeploymentPostprocessing = 0;
		};
/* End PBXSourcesBuildPhase section */

/* Begin PBXVariantGroup section */
		6DF49E3A1D4DEF6D00E8612A /* LaunchScreen.storyboard */ = {
			isa = PBXVariantGroup;
			children = (
				6DF49E3B1D4DEF6D00E8612A /* Base */,
			);
			name = LaunchScreen.storyboard;
			sourceTree = "<group>";
		};
/* End PBXVariantGroup section */

/* Begin XCBuildConfiguration section */
		6DF49E3E1D4DEF6D00E8612A /* Debug */ = {
			isa = XCBuildConfiguration;
			buildSettings = {
				ALWAYS_SEARCH_USER_PATHS = NO;
				CLANG_CXX_LANGUAGE_STANDARD = "gnu++0x";
				CLANG_CXX_LIBRARY = "libc++";
				CLANG_ENABLE_MODULES = YES;
				CLANG_ENABLE_OBJC_ARC = YES;
				CLANG_WARN_BOOL_CONVERSION = YES;
				CLANG_WARN_CONSTANT_CONVERSION = YES;
				CLANG_WARN_DIRECT_OBJC_ISA_USAGE = YES_ERROR;
				CLANG_WARN_EMPTY_BODY = YES;
				CLANG_WARN_ENUM_CONVERSION = YES;
				CLANG_WARN_INT_CONVERSION = YES;
				CLANG_WARN_OBJC_ROOT_CLASS = YES_ERROR;
				CLANG_WARN_UNREACHABLE_CODE = YES;
				CLANG_WARN__DUPLICATE_METHOD_MATCH = YES;
				"CODE_SIGN_IDENTITY[sdk=iphoneos*]" = "iPhone Developer";
				COPY_PHASE_STRIP = NO;
				DEBUG_INFORMATION_FORMAT = dwarf;
				ENABLE_STRICT_OBJC_MSGSEND = YES;
				ENABLE_TESTABILITY = YES;
				GCC_C_LANGUAGE_STANDARD = gnu99;
				GCC_DYNAMIC_NO_PIC = NO;
				GCC_NO_COMMON_BLOCKS = YES;
				GCC_OPTIMIZATION_LEVEL = 0;
				GCC_PREPROCESSOR_DEFINITIONS = (
					"DEBUG=1",
					"$(inherited)",
				);
				GCC_WARN_64_TO_32_BIT_CONVERSION = YES;
				GCC_WARN_ABOUT_RETURN_TYPE = YES_ERROR;
				GCC_WARN_UNDECLARED_SELECTOR = YES;
				GCC_WARN_UNINITIALIZED_AUTOS = YES_AGGRESSIVE;
				GCC_WARN_UNUSED_FUNCTION = YES;
				GCC_WARN_UNUSED_VARIABLE = YES;
				IPHONEOS_DEPLOYMENT_TARGET = 9.0;
				MTL_ENABLE_DEBUG_INFO = YES;
				ONLY_ACTIVE_ARCH = YES;
				SDKROOT = iphoneos;
			};
			name = Debug;
		};
		6DF49E3F1D4DEF6D00E8612A /* Release */ = {
			isa = XCBuildConfiguration;
			buildSettings = {
				ALWAYS_SEARCH_USER_PATHS = NO;
				CLANG_CXX_LANGUAGE_STANDARD = "gnu++0x";
				CLANG_CXX_LIBRARY = "libc++";
				CLANG_ENABLE_MODULES = YES;
				CLANG_ENABLE_OBJC_ARC = YES;
				CLANG_WARN_BOOL_CONVERSION = YES;
				CLANG_WARN_CONSTANT_CONVERSION = YES;
				CLANG_WARN_DIRECT_OBJC_ISA_USAGE = YES_ERROR;
				CLANG_WARN_EMPTY_BODY = YES;
				CLANG_WARN_ENUM_CONVERSION = YES;
				CLANG_WARN_INT_CONVERSION = YES;
				CLANG_WARN_OBJC_ROOT_CLASS = YES_ERROR;
				CLANG_WARN_UNREACHABLE_CODE = YES;
				CLANG_WARN__DUPLICATE_METHOD_MATCH = YES;
				"CODE_SIGN_IDENTITY[sdk=iphoneos*]" = "iPhone Developer";
				COPY_PHASE_STRIP = NO;
				DEBUG_INFORMATION_FORMAT = "dwarf-with-dsym";
				ENABLE_NS_ASSERTIONS = NO;
				ENABLE_STRICT_OBJC_MSGSEND = YES;
				GCC_C_LANGUAGE_STANDARD = gnu99;
				GCC_NO_COMMON_BLOCKS = YES;
				GCC_WARN_64_TO_32_BIT_CONVERSION = YES;
				GCC_WARN_ABOUT_RETURN_TYPE = YES_ERROR;
				GCC_WARN_UNDECLARED_SELECTOR = YES;
				GCC_WARN_UNINITIALIZED_AUTOS = YES_AGGRESSIVE;
				GCC_WARN_UNUSED_FUNCTION = YES;
				GCC_WARN_UNUSED_VARIABLE = YES;
				IPHONEOS_DEPLOYMENT_TARGET = 9.0;
				MTL_ENABLE_DEBUG_INFO = NO;
				SDKROOT = iphoneos;
				VALIDATE_PRODUCT = YES;
			};
			name = Release;
		};
		6DF49E411D4DEF6D00E8612A /* Debug */ = {
			isa = XCBuildConfiguration;
			buildSettings = {
				ASSETCATALOG_COMPILER_APPICON_NAME = AppIcon;
				INFOPLIST_FILE = StarRatingView/Info.plist;
				LD_RUNPATH_SEARCH_PATHS = "$(inherited) @executable_path/Frameworks";
				PRODUCT_BUNDLE_IDENTIFIER = my.Mac.StarRatingView;
				PRODUCT_NAME = "$(TARGET_NAME)";
			};
			name = Debug;
		};
		6DF49E421D4DEF6D00E8612A /* Release */ = {
			isa = XCBuildConfiguration;
			buildSettings = {
				ASSETCATALOG_COMPILER_APPICON_NAME = AppIcon;
				INFOPLIST_FILE = StarRatingView/Info.plist;
				LD_RUNPATH_SEARCH_PATHS = "$(inherited) @executable_path/Frameworks";
				PRODUCT_BUNDLE_IDENTIFIER = my.Mac.StarRatingView;
				PRODUCT_NAME = "$(TARGET_NAME)";
			};
			name = Release;
		};
/* End XCBuildConfiguration section */

/* Begin XCConfigurationList section */
		6DF49E2A1D4DEF6D00E8612A /* Build configuration list for PBXProject "StarRatingView" */ = {
			isa = XCConfigurationList;
			buildConfigurations = (
				6DF49E3E1D4DEF6D00E8612A /* Debug */,
				6DF49E3F1D4DEF6D00E8612A /* Release */,
			);
			defaultConfigurationIsVisible = 0;
			defaultConfigurationName = Release;
		};
		6DF49E401D4DEF6D00E8612A /* Build configuration list for PBXNativeTarget "StarRatingView" */ = {
			isa = XCConfigurationList;
			buildConfigurations = (
				6DF49E411D4DEF6D00E8612A /* Debug */,
				6DF49E421D4DEF6D00E8612A /* Release */,
			);
			defaultConfigurationIsVisible = 0;
		};
/* End XCConfigurationList section */
	};
	rootObject = 6DF49E271D4DEF6D00E8612A /* Project object */;
}
